<?xml version="1.0" encoding="utf-8"?>
<Project ToolsVersion="4.0" xmlns="http://schemas.microsoft.com/developer/msbuild/2003">
  <ItemGroup>
    <Filter Include="Source Files">
      <UniqueIdentifier>{4FC737F1-C7A5-4376-A066-2A32D752A2FF}</UniqueIdentifier>
      <Extensions>cpp;c;cc;cxx;def;odl;idl;hpj;bat;asm;asmx</Extensions>
    </Filter>
    <Filter Include="Header Files">
      <UniqueIdentifier>{93995380-89BD-4b04-88EB-625FBE52EBFB}</UniqueIdentifier>
      <Extensions>h;hh;hpp;hxx;hm;inl;inc;xsd</Extensions>
    </Filter>
    <Filter Include="Resource Files">
      <UniqueIdentifier>{67DA6AB6-F800-4c08-8B7A-83BB121AAD01}</UniqueIdentifier>
      <Extensions>rc;ico;cur;bmp;dlg;rc2;rct;bin;rgs;gif;jpg;jpeg;jpe;resx;tiff;tif;png;wav;mfcribbon-ms</Extensions>
    </Filter>
  </ItemGroup>
  <ItemGroup>
    <ClCompile Include="003_LongestSubstringWithoutRepeatingCharacters.cpp">
      <Filter>Source Files</Filter>
    </ClCompile>
    <ClCompile Include="005_LongestPalindromicSubstring.cpp">
      <Filter>Source Files</Filter>
    </ClCompile>
    <ClCompile Include="008_StringToInteger.cpp">
      <Filter>Source Files</Filter>
    </ClCompile>
    <ClCompile Include="022_GenerateParentheses.cpp">
      <Filter>Source Files</Filter>
    </ClCompile>
    <ClCompile Include="020_ValidParentheses.cpp">
      <Filter>Source Files</Filter>
    </ClCompile>
    <ClCompile Include="028_ImplementStrStr.cpp">
      <Filter>Source Files</Filter>
    </ClCompile>
    <ClCompile Include="030_SubstringWithConcatenationOfAllWords.cpp">
      <Filter>Source Files</Filter>
    </ClCompile>
    <ClCompile Include="038_CountAndSay.cpp">
      <Filter>Source Files</Filter>
    </ClCompile>
    <ClCompile Include="032_LongestValidParentheses.cpp">
      <Filter>Source Files</Filter>
    </ClCompile>
    <ClCompile Include="438_FindAllAnagramsInAString.cpp">
      <Filter>Source Files</Filter>
    </ClCompile>
    <ClCompile Include="521_LongestUncommonSubsequenceI.cpp">
      <Filter>Source Files</Filter>
    </ClCompile>
    <ClCompile Include="344_ReverseString.cpp">
      <Filter>Source Files</Filter>
    </ClCompile>
    <ClCompile Include="010_RegularExpressionMatching.cpp">
      <Filter>Source Files</Filter>
    </ClCompile>
    <ClCompile Include="006_ZigZagConversion.cpp">
      <Filter>Source Files</Filter>
    </ClCompile>
    <ClCompile Include="014_LongestCommonPrefix.cpp">
      <Filter>Source Files</Filter>
    </ClCompile>
    <ClCompile Include="049_GroupAnagrams.cpp">
      <Filter>Source Files</Filter>
    </ClCompile>
    <ClCompile Include="058_LengthofLastWord.cpp">
      <Filter>Source Files</Filter>
    </ClCompile>
    <ClCompile Include="071_SimplifyPath.cpp">
      <Filter>Source Files</Filter>
    </ClCompile>
    <ClCompile Include="076_MinimumWindowSubstring.cpp">
      <Filter>Source Files</Filter>
    </ClCompile>
    <ClCompile Include="093_RestoreIPAddresses.cpp">
      <Filter>Source Files</Filter>
    </ClCompile>
    <ClCompile Include="125_ValidPalindrome.cpp">
      <Filter>Source Files</Filter>
    </ClCompile>
    <ClCompile Include="151_ReverseWordsinaString.cpp">
      <Filter>Source Files</Filter>
    </ClCompile>
    <ClCompile Include="165_CompareVersionNumbers.cpp">
      <Filter>Source Files</Filter>
    </ClCompile>
    <ClCompile Include="214_ShortestPalindrome.cpp">
      <Filter>Source Files</Filter>
    </ClCompile>
    <ClCompile Include="227_BasicCalculatorII.cpp">
      <Filter>Source Files</Filter>
    </ClCompile>
    <ClCompile Include="336_PalindromePairs.cpp">
      <Filter>Source Files</Filter>
    </ClCompile>
    <ClCompile Include="345_ReverseVowelsofaString.cpp">
      <Filter>Source Files</Filter>
    </ClCompile>
    <ClCompile Include="383_RansomNote.cpp">
      <Filter>Source Files</Filter>
    </ClCompile>
    <ClCompile Include="385_MiniParser.cpp">
      <Filter>Source Files</Filter>
    </ClCompile>
    <ClCompile Include="387_FirstUniqueCharacterinaString.cpp">
      <Filter>Source Files</Filter>
    </ClCompile>
  </ItemGroup>
</Project>