
Microsoft Visual Studio Solution File, Format Version 12.00
# Visual Studio 15
VisualStudioVersion = 15.0.28307.572
MinimumVisualStudioVersion = 10.0.40219.1
Project("{8BC9CEB8-8B4A-11D0-8D11-00A0C91BC942}") = "Array", "Array\Array.vcxproj", "{75E893B9-CB35-4E6F-85B4-61268E038C37}"
EndProject
Project("{8BC9CEB8-8B4A-11D0-8D11-00A0C91BC942}") = "String", "String\String.vcxproj", "{45AFA844-7BC2-41C4-BDE7-DDA3D8C22BEA}"
EndProject
Project("{8BC9CEB8-8B4A-11D0-8D11-00A0C91BC942}") = "LinkedList", "LinkedList\LinkedList.vcxproj", "{A28AF3E8-BFA1-403F-A8C0-2D62AD42B235}"
EndProject
Project("{8BC9CEB8-8B4A-11D0-8D11-00A0C91BC942}") = "Tree", "Tree\Tree.vcxproj", "{46EF0FB4-F99E-49EA-B2DD-6A7CDF7E101E}"
EndProject
Project("{8BC9CEB8-8B4A-11D0-8D11-00A0C91BC942}") = "BFS", "BFS\BFS.vcxproj", "{0469E01F-FB48-44CA-A379-518564DC3911}"
EndProject
Project("{8BC9CEB8-8B4A-11D0-8D11-00A0C91BC942}") = "Backtracking", "Backtracking\Backtracking.vcxproj", "{B60E3470-B725-49D5-BFEB-75ED5EDEE345}"
EndProject
Project("{8BC9CEB8-8B4A-11D0-8D11-00A0C91BC942}") = "Graph", "Graph\Graph.vcxproj", "{AC39B86B-14F5-4C7C-B99D-10B5483D78EF}"
EndProject
Project("{8BC9CEB8-8B4A-11D0-8D11-00A0C91BC942}") = "Trie", "Trie\Trie.vcxproj", "{7BCBF287-C1D9-4C70-A3B5-1B036D6F55B5}"
EndProject
Project("{8BC9CEB8-8B4A-11D0-8D11-00A0C91BC942}") = "TopologicalSort", "TopologicalSort\TopologicalSort.vcxproj", "{7F798A12-F8EF-4E5C-A8C9-ECE258E07B6C}"
EndProject
Project("{8BC9CEB8-8B4A-11D0-8D11-00A0C91BC942}") = "DynamicProgrammingPrev", "DynamicProgramming\DynamicProgramming.vcxproj", "{39A9910B-C9E2-45C0-A0A9-E94B8DCF4DEB}"
EndProject
Project("{8BC9CEB8-8B4A-11D0-8D11-00A0C91BC942}") = "Math", "Math\Math.vcxproj", "{C7659EE9-5BDE-4C94-9E34-A910425ED4AD}"
EndProject
Project("{8BC9CEB8-8B4A-11D0-8D11-00A0C91BC942}") = "HashTable", "HashTable\HashTable.vcxproj", "{1A3F475F-E18E-43E2-B85C-8147601F91AE}"
EndProject
Project("{8BC9CEB8-8B4A-11D0-8D11-00A0C91BC942}") = "Cocurrency", "Cocurrency\Cocurrency.vcxproj", "{85DF9273-F167-4BCE-85CB-5DEF22111382}"
EndProject
Project("{8BC9CEB8-8B4A-11D0-8D11-00A0C91BC942}") = "Geometry", "Geometry\Geometry.vcxproj", "{8A374AD1-D288-4B5D-8B8E-25DEF4AA35F5}"
EndProject
Project("{8BC9CEB8-8B4A-11D0-8D11-00A0C91BC942}") = "DP", "DP\DP.vcxproj", "{6F9616FB-0C70-4427-BEF6-77BC773B37BB}"
EndProject
Project("{8BC9CEB8-8B4A-11D0-8D11-00A0C91BC942}") = "Design", "Design\Design.vcxproj", "{EC038D31-6686-4599-A9F5-14230D05A5D8}"
EndProject
Global
	GlobalSection(SolutionConfigurationPlatforms) = preSolution
		Debug|x64 = Debug|x64
		Debug|x86 = Debug|x86
		Release|x64 = Release|x64
		Release|x86 = Release|x86
	EndGlobalSection
	GlobalSection(ProjectConfigurationPlatforms) = postSolution
		{75E893B9-CB35-4E6F-85B4-61268E038C37}.Debug|x64.ActiveCfg = Debug|x64
		{75E893B9-CB35-4E6F-85B4-61268E038C37}.Debug|x64.Build.0 = Debug|x64
		{75E893B9-CB35-4E6F-85B4-61268E038C37}.Debug|x86.ActiveCfg = Debug|Win32
		{75E893B9-CB35-4E6F-85B4-61268E038C37}.Debug|x86.Build.0 = Debug|Win32
		{75E893B9-CB35-4E6F-85B4-61268E038C37}.Release|x64.ActiveCfg = Release|x64
		{75E893B9-CB35-4E6F-85B4-61268E038C37}.Release|x64.Build.0 = Release|x64
		{75E893B9-CB35-4E6F-85B4-61268E038C37}.Release|x86.ActiveCfg = Release|Win32
		{75E893B9-CB35-4E6F-85B4-61268E038C37}.Release|x86.Build.0 = Release|Win32
		{45AFA844-7BC2-41C4-BDE7-DDA3D8C22BEA}.Debug|x64.ActiveCfg = Debug|x64
		{45AFA844-7BC2-41C4-BDE7-DDA3D8C22BEA}.Debug|x64.Build.0 = Debug|x64
		{45AFA844-7BC2-41C4-BDE7-DDA3D8C22BEA}.Debug|x86.ActiveCfg = Debug|Win32
		{45AFA844-7BC2-41C4-BDE7-DDA3D8C22BEA}.Debug|x86.Build.0 = Debug|Win32
		{45AFA844-7BC2-41C4-BDE7-DDA3D8C22BEA}.Release|x64.ActiveCfg = Release|x64
		{45AFA844-7BC2-41C4-BDE7-DDA3D8C22BEA}.Release|x64.Build.0 = Release|x64
		{45AFA844-7BC2-41C4-BDE7-DDA3D8C22BEA}.Release|x86.ActiveCfg = Release|Win32
		{45AFA844-7BC2-41C4-BDE7-DDA3D8C22BEA}.Release|x86.Build.0 = Release|Win32
		{A28AF3E8-BFA1-403F-A8C0-2D62AD42B235}.Debug|x64.ActiveCfg = Debug|x64
		{A28AF3E8-BFA1-403F-A8C0-2D62AD42B235}.Debug|x64.Build.0 = Debug|x64
		{A28AF3E8-BFA1-403F-A8C0-2D62AD42B235}.Debug|x86.ActiveCfg = Debug|Win32
		{A28AF3E8-BFA1-403F-A8C0-2D62AD42B235}.Debug|x86.Build.0 = Debug|Win32
		{A28AF3E8-BFA1-403F-A8C0-2D62AD42B235}.Release|x64.ActiveCfg = Release|x64
		{A28AF3E8-BFA1-403F-A8C0-2D62AD42B235}.Release|x64.Build.0 = Release|x64
		{A28AF3E8-BFA1-403F-A8C0-2D62AD42B235}.Release|x86.ActiveCfg = Release|Win32
		{A28AF3E8-BFA1-403F-A8C0-2D62AD42B235}.Release|x86.Build.0 = Release|Win32
		{46EF0FB4-F99E-49EA-B2DD-6A7CDF7E101E}.Debug|x64.ActiveCfg = Debug|x64
		{46EF0FB4-F99E-49EA-B2DD-6A7CDF7E101E}.Debug|x64.Build.0 = Debug|x64
		{46EF0FB4-F99E-49EA-B2DD-6A7CDF7E101E}.Debug|x86.ActiveCfg = Debug|Win32
		{46EF0FB4-F99E-49EA-B2DD-6A7CDF7E101E}.Debug|x86.Build.0 = Debug|Win32
		{46EF0FB4-F99E-49EA-B2DD-6A7CDF7E101E}.Release|x64.ActiveCfg = Release|x64
		{46EF0FB4-F99E-49EA-B2DD-6A7CDF7E101E}.Release|x64.Build.0 = Release|x64
		{46EF0FB4-F99E-49EA-B2DD-6A7CDF7E101E}.Release|x86.ActiveCfg = Release|Win32
		{46EF0FB4-F99E-49EA-B2DD-6A7CDF7E101E}.Release|x86.Build.0 = Release|Win32
		{0469E01F-FB48-44CA-A379-518564DC3911}.Debug|x64.ActiveCfg = Debug|x64
		{0469E01F-FB48-44CA-A379-518564DC3911}.Debug|x64.Build.0 = Debug|x64
		{0469E01F-FB48-44CA-A379-518564DC3911}.Debug|x86.ActiveCfg = Debug|Win32
		{0469E01F-FB48-44CA-A379-518564DC3911}.Debug|x86.Build.0 = Debug|Win32
		{0469E01F-FB48-44CA-A379-518564DC3911}.Release|x64.ActiveCfg = Release|x64
		{0469E01F-FB48-44CA-A379-518564DC3911}.Release|x64.Build.0 = Release|x64
		{0469E01F-FB48-44CA-A379-518564DC3911}.Release|x86.ActiveCfg = Release|Win32
		{0469E01F-FB48-44CA-A379-518564DC3911}.Release|x86.Build.0 = Release|Win32
		{B60E3470-B725-49D5-BFEB-75ED5EDEE345}.Debug|x64.ActiveCfg = Debug|x64
		{B60E3470-B725-49D5-BFEB-75ED5EDEE345}.Debug|x64.Build.0 = Debug|x64
		{B60E3470-B725-49D5-BFEB-75ED5EDEE345}.Debug|x86.ActiveCfg = Debug|Win32
		{B60E3470-B725-49D5-BFEB-75ED5EDEE345}.Debug|x86.Build.0 = Debug|Win32
		{B60E3470-B725-49D5-BFEB-75ED5EDEE345}.Release|x64.ActiveCfg = Release|x64
		{B60E3470-B725-49D5-BFEB-75ED5EDEE345}.Release|x64.Build.0 = Release|x64
		{B60E3470-B725-49D5-BFEB-75ED5EDEE345}.Release|x86.ActiveCfg = Release|Win32
		{B60E3470-B725-49D5-BFEB-75ED5EDEE345}.Release|x86.Build.0 = Release|Win32
		{AC39B86B-14F5-4C7C-B99D-10B5483D78EF}.Debug|x64.ActiveCfg = Debug|x64
		{AC39B86B-14F5-4C7C-B99D-10B5483D78EF}.Debug|x64.Build.0 = Debug|x64
		{AC39B86B-14F5-4C7C-B99D-10B5483D78EF}.Debug|x86.ActiveCfg = Debug|Win32
		{AC39B86B-14F5-4C7C-B99D-10B5483D78EF}.Debug|x86.Build.0 = Debug|Win32
		{AC39B86B-14F5-4C7C-B99D-10B5483D78EF}.Release|x64.ActiveCfg = Release|x64
		{AC39B86B-14F5-4C7C-B99D-10B5483D78EF}.Release|x64.Build.0 = Release|x64
		{AC39B86B-14F5-4C7C-B99D-10B5483D78EF}.Release|x86.ActiveCfg = Release|Win32
		{AC39B86B-14F5-4C7C-B99D-10B5483D78EF}.Release|x86.Build.0 = Release|Win32
		{7BCBF287-C1D9-4C70-A3B5-1B036D6F55B5}.Debug|x64.ActiveCfg = Debug|x64
		{7BCBF287-C1D9-4C70-A3B5-1B036D6F55B5}.Debug|x64.Build.0 = Debug|x64
		{7BCBF287-C1D9-4C70-A3B5-1B036D6F55B5}.Debug|x86.ActiveCfg = Debug|Win32
		{7BCBF287-C1D9-4C70-A3B5-1B036D6F55B5}.Debug|x86.Build.0 = Debug|Win32
		{7BCBF287-C1D9-4C70-A3B5-1B036D6F55B5}.Release|x64.ActiveCfg = Release|x64
		{7BCBF287-C1D9-4C70-A3B5-1B036D6F55B5}.Release|x64.Build.0 = Release|x64
		{7BCBF287-C1D9-4C70-A3B5-1B036D6F55B5}.Release|x86.ActiveCfg = Release|Win32
		{7BCBF287-C1D9-4C70-A3B5-1B036D6F55B5}.Release|x86.Build.0 = Release|Win32
		{7F798A12-F8EF-4E5C-A8C9-ECE258E07B6C}.Debug|x64.ActiveCfg = Debug|x64
		{7F798A12-F8EF-4E5C-A8C9-ECE258E07B6C}.Debug|x64.Build.0 = Debug|x64
		{7F798A12-F8EF-4E5C-A8C9-ECE258E07B6C}.Debug|x86.ActiveCfg = Debug|Win32
		{7F798A12-F8EF-4E5C-A8C9-ECE258E07B6C}.Debug|x86.Build.0 = Debug|Win32
		{7F798A12-F8EF-4E5C-A8C9-ECE258E07B6C}.Release|x64.ActiveCfg = Release|x64
		{7F798A12-F8EF-4E5C-A8C9-ECE258E07B6C}.Release|x64.Build.0 = Release|x64
		{7F798A12-F8EF-4E5C-A8C9-ECE258E07B6C}.Release|x86.ActiveCfg = Release|Win32
		{7F798A12-F8EF-4E5C-A8C9-ECE258E07B6C}.Release|x86.Build.0 = Release|Win32
		{39A9910B-C9E2-45C0-A0A9-E94B8DCF4DEB}.Debug|x64.ActiveCfg = Debug|x64
		{39A9910B-C9E2-45C0-A0A9-E94B8DCF4DEB}.Debug|x64.Build.0 = Debug|x64
		{39A9910B-C9E2-45C0-A0A9-E94B8DCF4DEB}.Debug|x86.ActiveCfg = Debug|Win32
		{39A9910B-C9E2-45C0-A0A9-E94B8DCF4DEB}.Debug|x86.Build.0 = Debug|Win32
		{39A9910B-C9E2-45C0-A0A9-E94B8DCF4DEB}.Release|x64.ActiveCfg = Release|x64
		{39A9910B-C9E2-45C0-A0A9-E94B8DCF4DEB}.Release|x64.Build.0 = Release|x64
		{39A9910B-C9E2-45C0-A0A9-E94B8DCF4DEB}.Release|x86.ActiveCfg = Release|Win32
		{39A9910B-C9E2-45C0-A0A9-E94B8DCF4DEB}.Release|x86.Build.0 = Release|Win32
		{C7659EE9-5BDE-4C94-9E34-A910425ED4AD}.Debug|x64.ActiveCfg = Debug|x64
		{C7659EE9-5BDE-4C94-9E34-A910425ED4AD}.Debug|x64.Build.0 = Debug|x64
		{C7659EE9-5BDE-4C94-9E34-A910425ED4AD}.Debug|x86.ActiveCfg = Debug|Win32
		{C7659EE9-5BDE-4C94-9E34-A910425ED4AD}.Debug|x86.Build.0 = Debug|Win32
		{C7659EE9-5BDE-4C94-9E34-A910425ED4AD}.Release|x64.ActiveCfg = Release|x64
		{C7659EE9-5BDE-4C94-9E34-A910425ED4AD}.Release|x64.Build.0 = Release|x64
		{C7659EE9-5BDE-4C94-9E34-A910425ED4AD}.Release|x86.ActiveCfg = Release|Win32
		{C7659EE9-5BDE-4C94-9E34-A910425ED4AD}.Release|x86.Build.0 = Release|Win32
		{1A3F475F-E18E-43E2-B85C-8147601F91AE}.Debug|x64.ActiveCfg = Debug|x64
		{1A3F475F-E18E-43E2-B85C-8147601F91AE}.Debug|x64.Build.0 = Debug|x64
		{1A3F475F-E18E-43E2-B85C-8147601F91AE}.Debug|x86.ActiveCfg = Debug|Win32
		{1A3F475F-E18E-43E2-B85C-8147601F91AE}.Debug|x86.Build.0 = Debug|Win32
		{1A3F475F-E18E-43E2-B85C-8147601F91AE}.Release|x64.ActiveCfg = Release|x64
		{1A3F475F-E18E-43E2-B85C-8147601F91AE}.Release|x64.Build.0 = Release|x64
		{1A3F475F-E18E-43E2-B85C-8147601F91AE}.Release|x86.ActiveCfg = Release|Win32
		{1A3F475F-E18E-43E2-B85C-8147601F91AE}.Release|x86.Build.0 = Release|Win32
		{85DF9273-F167-4BCE-85CB-5DEF22111382}.Debug|x64.ActiveCfg = Debug|x64
		{85DF9273-F167-4BCE-85CB-5DEF22111382}.Debug|x64.Build.0 = Debug|x64
		{85DF9273-F167-4BCE-85CB-5DEF22111382}.Debug|x86.ActiveCfg = Debug|Win32
		{85DF9273-F167-4BCE-85CB-5DEF22111382}.Debug|x86.Build.0 = Debug|Win32
		{85DF9273-F167-4BCE-85CB-5DEF22111382}.Release|x64.ActiveCfg = Release|x64
		{85DF9273-F167-4BCE-85CB-5DEF22111382}.Release|x64.Build.0 = Release|x64
		{85DF9273-F167-4BCE-85CB-5DEF22111382}.Release|x86.ActiveCfg = Release|Win32
		{85DF9273-F167-4BCE-85CB-5DEF22111382}.Release|x86.Build.0 = Release|Win32
		{8A374AD1-D288-4B5D-8B8E-25DEF4AA35F5}.Debug|x64.ActiveCfg = Debug|x64
		{8A374AD1-D288-4B5D-8B8E-25DEF4AA35F5}.Debug|x64.Build.0 = Debug|x64
		{8A374AD1-D288-4B5D-8B8E-25DEF4AA35F5}.Debug|x86.ActiveCfg = Debug|Win32
		{8A374AD1-D288-4B5D-8B8E-25DEF4AA35F5}.Debug|x86.Build.0 = Debug|Win32
		{8A374AD1-D288-4B5D-8B8E-25DEF4AA35F5}.Release|x64.ActiveCfg = Release|x64
		{8A374AD1-D288-4B5D-8B8E-25DEF4AA35F5}.Release|x64.Build.0 = Release|x64
		{8A374AD1-D288-4B5D-8B8E-25DEF4AA35F5}.Release|x86.ActiveCfg = Release|Win32
		{8A374AD1-D288-4B5D-8B8E-25DEF4AA35F5}.Release|x86.Build.0 = Release|Win32
		{6F9616FB-0C70-4427-BEF6-77BC773B37BB}.Debug|x64.ActiveCfg = Debug|x64
		{6F9616FB-0C70-4427-BEF6-77BC773B37BB}.Debug|x64.Build.0 = Debug|x64
		{6F9616FB-0C70-4427-BEF6-77BC773B37BB}.Debug|x86.ActiveCfg = Debug|Win32
		{6F9616FB-0C70-4427-BEF6-77BC773B37BB}.Debug|x86.Build.0 = Debug|Win32
		{6F9616FB-0C70-4427-BEF6-77BC773B37BB}.Release|x64.ActiveCfg = Release|x64
		{6F9616FB-0C70-4427-BEF6-77BC773B37BB}.Release|x64.Build.0 = Release|x64
		{6F9616FB-0C70-4427-BEF6-77BC773B37BB}.Release|x86.ActiveCfg = Release|Win32
		{6F9616FB-0C70-4427-BEF6-77BC773B37BB}.Release|x86.Build.0 = Release|Win32
		{EC038D31-6686-4599-A9F5-14230D05A5D8}.Debug|x64.ActiveCfg = Debug|x64
		{EC038D31-6686-4599-A9F5-14230D05A5D8}.Debug|x64.Build.0 = Debug|x64
		{EC038D31-6686-4599-A9F5-14230D05A5D8}.Debug|x86.ActiveCfg = Debug|Win32
		{EC038D31-6686-4599-A9F5-14230D05A5D8}.Debug|x86.Build.0 = Debug|Win32
		{EC038D31-6686-4599-A9F5-14230D05A5D8}.Release|x64.ActiveCfg = Release|x64
		{EC038D31-6686-4599-A9F5-14230D05A5D8}.Release|x64.Build.0 = Release|x64
		{EC038D31-6686-4599-A9F5-14230D05A5D8}.Release|x86.ActiveCfg = Release|Win32
		{EC038D31-6686-4599-A9F5-14230D05A5D8}.Release|x86.Build.0 = Release|Win32
	EndGlobalSection
	GlobalSection(SolutionProperties) = preSolution
		HideSolutionNode = FALSE
	EndGlobalSection
	GlobalSection(ExtensibilityGlobals) = postSolution
		SolutionGuid = {CEEF44F4-70FC-423E-9B0D-3B85DD3F9E5E}
	EndGlobalSection
EndGlobal
