<?xml version="1.0" encoding="utf-8"?>
<Project ToolsVersion="4.0" xmlns="http://schemas.microsoft.com/developer/msbuild/2003">
  <ItemGroup>
    <Filter Include="Source Files">
      <UniqueIdentifier>{4FC737F1-C7A5-4376-A066-2A32D752A2FF}</UniqueIdentifier>
      <Extensions>cpp;c;cc;cxx;def;odl;idl;hpj;bat;asm;asmx</Extensions>
    </Filter>
    <Filter Include="Header Files">
      <UniqueIdentifier>{93995380-89BD-4b04-88EB-625FBE52EBFB}</UniqueIdentifier>
      <Extensions>h;hh;hpp;hxx;hm;inl;inc;xsd</Extensions>
    </Filter>
    <Filter Include="Resource Files">
      <UniqueIdentifier>{67DA6AB6-F800-4c08-8B7A-83BB121AAD01}</UniqueIdentifier>
      <Extensions>rc;ico;cur;bmp;dlg;rc2;rct;bin;rgs;gif;jpg;jpeg;jpe;resx;tiff;tif;png;wav;mfcribbon-ms</Extensions>
    </Filter>
  </ItemGroup>
  <ItemGroup>
    <ClCompile Include="094_BinaryTreeInorderTraversal.cpp">
      <Filter>Source Files</Filter>
    </ClCompile>
    <ClCompile Include="095_UniqueBinarySearchTreesII.cpp">
      <Filter>Source Files</Filter>
    </ClCompile>
    <ClCompile Include="096_UniqueBinarySearchTrees.cpp">
      <Filter>Source Files</Filter>
    </ClCompile>
    <ClCompile Include="098_ValidateBinarySearchTree.cpp">
      <Filter>Source Files</Filter>
    </ClCompile>
    <ClCompile Include="116_PopulatingNextRightPointersInEachNode.cpp">
      <Filter>Source Files</Filter>
    </ClCompile>
    <ClCompile Include="117_PopulatingNextRightPointersInEachNodeII.cpp">
      <Filter>Source Files</Filter>
    </ClCompile>
    <ClCompile Include="105_ConstructBinaryTreefromPreorderandInorderTraversal.cpp">
      <Filter>Source Files</Filter>
    </ClCompile>
    <ClCompile Include="106_ConstructBinaryTreeFromInorderAndPostorderTraversal.cpp">
      <Filter>Source Files</Filter>
    </ClCompile>
    <ClCompile Include="235_LowestCommonAncestorOfABinarySearchTree.cpp">
      <Filter>Source Files</Filter>
    </ClCompile>
    <ClCompile Include="144_BinaryTreePreorderTraversal.cpp">
      <Filter>Source Files</Filter>
    </ClCompile>
    <ClCompile Include="145_BinaryTreePostorderTraversal.cpp">
      <Filter>Source Files</Filter>
    </ClCompile>
    <ClCompile Include="102_BinaryTreeLevelOrderTraversal.cpp">
      <Filter>Source Files</Filter>
    </ClCompile>
    <ClCompile Include="100_SameTree.cpp">
      <Filter>Source Files</Filter>
    </ClCompile>
    <ClCompile Include="101_SymmetricTree.cpp">
      <Filter>Source Files</Filter>
    </ClCompile>
    <ClCompile Include="257_BinaryTreePaths.cpp">
      <Filter>Source Files</Filter>
    </ClCompile>
    <ClCompile Include="112_PathSum.cpp">
      <Filter>Source Files</Filter>
    </ClCompile>
    <ClCompile Include="113_PathSumII.cpp">
      <Filter>Source Files</Filter>
    </ClCompile>
    <ClCompile Include="129_SumRootToLeafNumbers.cpp">
      <Filter>Source Files</Filter>
    </ClCompile>
    <ClCompile Include="104_MaximumDepthOfBinaryTree.cpp">
      <Filter>Source Files</Filter>
    </ClCompile>
    <ClCompile Include="110_Balanced Binary Tree.cpp">
      <Filter>Source Files</Filter>
    </ClCompile>
    <ClCompile Include="124_BinaryTreeMaximumPathSum.cpp">
      <Filter>Source Files</Filter>
    </ClCompile>
    <ClCompile Include="337_HouseRobberIII.cpp">
      <Filter>Source Files</Filter>
    </ClCompile>
    <ClCompile Include="107_BinaryTreeLevelOrderTraversalII.cpp">
      <Filter>Source Files</Filter>
    </ClCompile>
    <ClCompile Include="103_BinaryTreeZigzagLevelOrderTraversal.cpp">
      <Filter>Source Files</Filter>
    </ClCompile>
    <ClCompile Include="199_ BinaryTreeRightSideView.cpp">
      <Filter>Source Files</Filter>
    </ClCompile>
    <ClCompile Include="114_FlattenBinaryTreeToLinkedList.cpp">
      <Filter>Source Files</Filter>
    </ClCompile>
    <ClCompile Include="173_BinarySearchTreeIterator.cpp">
      <Filter>Source Files</Filter>
    </ClCompile>
    <ClCompile Include="236_LowestCommonAncestorOfABinaryTree.cpp">
      <Filter>Source Files</Filter>
    </ClCompile>
    <ClCompile Include="108_ConvertSortedArrayToBinarySearchTree.cpp">
      <Filter>Source Files</Filter>
    </ClCompile>
    <ClCompile Include="109_ConvertSortedListToBinarySearchTree.cpp">
      <Filter>Source Files</Filter>
    </ClCompile>
    <ClCompile Include="230_KthSmallestElementinaBST.cpp">
      <Filter>Source Files</Filter>
    </ClCompile>
  </ItemGroup>
</Project>